
Microsoft Visual Studio Solution File, Format Version 11.00
# Visual Studio 2010
Project("{FAE04EC0-301F-11D3-BF4B-00C04F79EFBC}") = "UnityEngine.TestRunner", "UnityEngine.TestRunner.csproj", "{a4cc1ae7-70f0-ceb4-c841-7748e2d55458}"
EndProject
Project("{FAE04EC0-301F-11D3-BF4B-00C04F79EFBC}") = "Unity.Timeline", "Unity.Timeline.csproj", "{6809af6d-bad4-0773-7702-3313e52ee3b5}"
EndProject
Project("{FAE04EC0-301F-11D3-BF4B-00C04F79EFBC}") = "UnityEngine.UI", "UnityEngine.UI.csproj", "{1a110454-6b16-0ca5-ad90-cc2e7cce6041}"
EndProject
Project("{FAE04EC0-301F-11D3-BF4B-00C04F79EFBC}") = "Unity.TextMeshPro", "Unity.TextMeshPro.csproj", "{e5894137-da9e-0ff9-c26c-9d402dfc34c4}"
EndProject
Project("{FAE04EC0-301F-11D3-BF4B-00C04F79EFBC}") = "Assembly-CSharp", "Assembly-CSharp.csproj", "{452574f8-9850-0a58-1c63-2c8ae9acb2da}"
EndProject
Project("{FAE04EC0-301F-11D3-BF4B-00C04F79EFBC}") = "UnityEditor.TestRunner", "UnityEditor.TestRunner.csproj", "{ebdb2622-89af-8b71-b064-27c4542e952b}"
EndProject
Project("{FAE04EC0-301F-11D3-BF4B-00C04F79EFBC}") = "Unity.PlasticSCM.Editor", "Unity.PlasticSCM.Editor.csproj", "{de048530-5605-59ca-5743-96a574b5754d}"
EndProject
Project("{FAE04EC0-301F-11D3-BF4B-00C04F79EFBC}") = "UnityEditor.UI", "UnityEditor.UI.csproj", "{58debaf4-e276-6090-1756-2b13c5491923}"
EndProject
Project("{FAE04EC0-301F-11D3-BF4B-00C04F79EFBC}") = "Unity.Services.Core.Editor", "Unity.Services.Core.Editor.csproj", "{c9641200-e248-5366-e938-013f0ee005e6}"
EndProject
Project("{FAE04EC0-301F-11D3-BF4B-00C04F79EFBC}") = "Unity.Timeline.Editor", "Unity.Timeline.Editor.csproj", "{d41fda3b-e97a-cfa0-8b8b-4397430b87bc}"
EndProject
Project("{FAE04EC0-301F-11D3-BF4B-00C04F79EFBC}") = "Unity.VisualStudio.Editor", "Unity.VisualStudio.Editor.csproj", "{d55a232c-447e-bad9-12cc-c5da37622ec2}"
EndProject
Project("{FAE04EC0-301F-11D3-BF4B-00C04F79EFBC}") = "Unity.TextMeshPro.Editor", "Unity.TextMeshPro.Editor.csproj", "{cb3bfb84-dca9-463a-79b2-4c2c9426c0ce}"
EndProject
Project("{FAE04EC0-301F-11D3-BF4B-00C04F79EFBC}") = "Unity.CollabProxy.Editor", "Unity.CollabProxy.Editor.csproj", "{bda26282-4a62-5bb6-b519-42a2a613f93b}"
EndProject
Project("{FAE04EC0-301F-11D3-BF4B-00C04F79EFBC}") = "Unity.Rider.Editor", "Unity.Rider.Editor.csproj", "{c0ff00c5-c74d-f279-e26f-b71440fceb11}"
EndProject
Project("{FAE04EC0-301F-11D3-BF4B-00C04F79EFBC}") = "Unity.VSCode.Editor", "Unity.VSCode.Editor.csproj", "{3939a962-7d7d-0b4f-8d90-6be249ddcc1c}"
EndProject
Global
	GlobalSection(SolutionConfigurationPlatforms) = preSolution
		Debug|Any CPU = Debug|Any CPU
	EndGlobalSection
	GlobalSection(ProjectConfigurationPlatforms) = postSolution
		{a4cc1ae7-70f0-ceb4-c841-7748e2d55458}.Debug|Any CPU.ActiveCfg = Debug|Any CPU
		{a4cc1ae7-70f0-ceb4-c841-7748e2d55458}.Debug|Any CPU.Build.0 = Debug|Any CPU
		{6809af6d-bad4-0773-7702-3313e52ee3b5}.Debug|Any CPU.ActiveCfg = Debug|Any CPU
		{6809af6d-bad4-0773-7702-3313e52ee3b5}.Debug|Any CPU.Build.0 = Debug|Any CPU
		{1a110454-6b16-0ca5-ad90-cc2e7cce6041}.Debug|Any CPU.ActiveCfg = Debug|Any CPU
		{1a110454-6b16-0ca5-ad90-cc2e7cce6041}.Debug|Any CPU.Build.0 = Debug|Any CPU
		{e5894137-da9e-0ff9-c26c-9d402dfc34c4}.Debug|Any CPU.ActiveCfg = Debug|Any CPU
		{e5894137-da9e-0ff9-c26c-9d402dfc34c4}.Debug|Any CPU.Build.0 = Debug|Any CPU
		{452574f8-9850-0a58-1c63-2c8ae9acb2da}.Debug|Any CPU.ActiveCfg = Debug|Any CPU
		{452574f8-9850-0a58-1c63-2c8ae9acb2da}.Debug|Any CPU.Build.0 = Debug|Any CPU
		{ebdb2622-89af-8b71-b064-27c4542e952b}.Debug|Any CPU.ActiveCfg = Debug|Any CPU
		{ebdb2622-89af-8b71-b064-27c4542e952b}.Debug|Any CPU.Build.0 = Debug|Any CPU
		{de048530-5605-59ca-5743-96a574b5754d}.Debug|Any CPU.ActiveCfg = Debug|Any CPU
		{de048530-5605-59ca-5743-96a574b5754d}.Debug|Any CPU.Build.0 = Debug|Any CPU
		{58debaf4-e276-6090-1756-2b13c5491923}.Debug|Any CPU.ActiveCfg = Debug|Any CPU
		{58debaf4-e276-6090-1756-2b13c5491923}.Debug|Any CPU.Build.0 = Debug|Any CPU
		{c9641200-e248-5366-e938-013f0ee005e6}.Debug|Any CPU.ActiveCfg = Debug|Any CPU
		{c9641200-e248-5366-e938-013f0ee005e6}.Debug|Any CPU.Build.0 = Debug|Any CPU
		{d41fda3b-e97a-cfa0-8b8b-4397430b87bc}.Debug|Any CPU.ActiveCfg = Debug|Any CPU
		{d41fda3b-e97a-cfa0-8b8b-4397430b87bc}.Debug|Any CPU.Build.0 = Debug|Any CPU
		{d55a232c-447e-bad9-12cc-c5da37622ec2}.Debug|Any CPU.ActiveCfg = Debug|Any CPU
		{d55a232c-447e-bad9-12cc-c5da37622ec2}.Debug|Any CPU.Build.0 = Debug|Any CPU
		{cb3bfb84-dca9-463a-79b2-4c2c9426c0ce}.Debug|Any CPU.ActiveCfg = Debug|Any CPU
		{cb3bfb84-dca9-463a-79b2-4c2c9426c0ce}.Debug|Any CPU.Build.0 = Debug|Any CPU
		{bda26282-4a62-5bb6-b519-42a2a613f93b}.Debug|Any CPU.ActiveCfg = Debug|Any CPU
		{bda26282-4a62-5bb6-b519-42a2a613f93b}.Debug|Any CPU.Build.0 = Debug|Any CPU
		{c0ff00c5-c74d-f279-e26f-b71440fceb11}.Debug|Any CPU.ActiveCfg = Debug|Any CPU
		{c0ff00c5-c74d-f279-e26f-b71440fceb11}.Debug|Any CPU.Build.0 = Debug|Any CPU
		{3939a962-7d7d-0b4f-8d90-6be249ddcc1c}.Debug|Any CPU.ActiveCfg = Debug|Any CPU
		{3939a962-7d7d-0b4f-8d90-6be249ddcc1c}.Debug|Any CPU.Build.0 = Debug|Any CPU
	EndGlobalSection
	GlobalSection(SolutionProperties) = preSolution
		HideSolutionNode = FALSE
	EndGlobalSection
EndGlobal
